{
  "version": "3",
  "redirects": {
    "https://deno.land/std/collections/mod.ts": "https://deno.land/std@0.210.0/collections/mod.ts",
    "https://deno.land/std/data_structures/binary_heap.ts": "https://deno.land/std@0.210.0/data_structures/binary_heap.ts",
    "https://deno.land/std/data_structures/comparators.ts": "https://deno.land/std@0.210.0/data_structures/comparators.ts",
    "https://deno.land/std/data_structures/mod.ts": "https://deno.land/std@0.210.0/data_structures/mod.ts",
    "https://deno.land/std/dotenv/load.ts": "https://deno.land/std@0.208.0/dotenv/load.ts",
    "https://deno.land/std/flags/mod.ts": "https://deno.land/std@0.167.0/flags/mod.ts",
    "https://deno.land/x/deno_dom/deno-dom-wasm.ts": "https://deno.land/x/deno_dom@v0.1.37/deno-dom-wasm.ts",
    "https://deno.land/x/zod/mod.ts": "https://deno.land/x/zod@v3.21.4/mod.ts"
  },
  "remote": {
    "https://deno.land/std@0.167.0/_util/asserts.ts": "d0844e9b62510f89ce1f9878b046f6a57bf88f208a10304aab50efcb48365272",
    "https://deno.land/std@0.167.0/flags/mod.ts": "4f50ec6383c02684db35de38b3ffb2cd5b9fcfcc0b1147055d1980c49e82521c",
    "https://deno.land/std@0.208.0/dotenv/load.ts": "0636983549b98f29ab75c9a22a42d9723f0a389ece5498fe971e7bb2556a12e2",
    "https://deno.land/std@0.208.0/dotenv/mod.ts": "039468f5c87d39b69d7ca6c3d68ebca82f206ec0ff5e011d48205eea292ea5a6",
    "https://deno.land/std@0.210.0/collections/_utils.ts": "5114abc026ddef71207a79609b984614e66a63a4bda17d819d56b0e72c51527e",
    "https://deno.land/std@0.210.0/collections/aggregate_groups.ts": "2ed1698695e7b4877afa2281ad10ce3ce67395aa7479e98cc2ebb751add1c4e9",
    "https://deno.land/std@0.210.0/collections/associate_by.ts": "64869182eeed3be9222137d071224ac6a01bcc3c5236610306f99e3e3107ec47",
    "https://deno.land/std@0.210.0/collections/associate_with.ts": "cf9735d7b4d345275fd3b7420eaba9726a2844e847f2d9e4be9f103f6f3e2c8b",
    "https://deno.land/std@0.210.0/collections/chunk.ts": "f82c52a82ad9338018570c42f6de0fb132fcb14914c31a444e360ac104d7b55b",
    "https://deno.land/std@0.210.0/collections/deep_merge.ts": "3c01a0ddaa53ae399833b491ab38c5f56520647a2a673a177cdf2813ae5b9ecb",
    "https://deno.land/std@0.210.0/collections/distinct.ts": "01595bd8e608a5e2de8a8631055587e6f01d68861e463eef34f8e295713500b8",
    "https://deno.land/std@0.210.0/collections/distinct_by.ts": "3afe11d81eafb30c7c9dbf568d94357f3d88153292c00671b72cd695deae6602",
    "https://deno.land/std@0.210.0/collections/drop_last_while.ts": "7241ad02f21fd96f4cdb85801e1a20593f054c2b96601986b67acbce0a85cdcb",
    "https://deno.land/std@0.210.0/collections/drop_while.ts": "74cfa9d6b74b3503d5dc70c8ab96af21e7cb2eaff8b9f11aca2aca403e56aeae",
    "https://deno.land/std@0.210.0/collections/filter_entries.ts": "77d3f0b3dddcb43e92fc745dd66d01b4922d0eff2a3e2bd25d9d826889f203d8",
    "https://deno.land/std@0.210.0/collections/filter_keys.ts": "a29cfe8730ddb54e9e071ea45e8a82e166c7629d18675652def70c1bf80e2ef6",
    "https://deno.land/std@0.210.0/collections/filter_values.ts": "16e1fc456a7969e770ec5b89edf5ac97b295ca534b47c1a83f061b409aad7814",
    "https://deno.land/std@0.210.0/collections/find_single.ts": "d941876fbec0c1d8b7f41a52f8c1b03198c5695dfaa8d7a12e7a6317d2e6085b",
    "https://deno.land/std@0.210.0/collections/first_not_nullish_of.ts": "08d92c4f9c66ff1b1f64a48fa7c1e557e3e6d43f48a46d53a98c3383041b98ae",
    "https://deno.land/std@0.210.0/collections/group_by.ts": "a67479d61c77b296e780d5a9c1fab0d671f7f9d9ea84ecfc723961dd306ffacb",
    "https://deno.land/std@0.210.0/collections/includes_value.ts": "8284a0b3178465b6565d234c1995117320b248dbcff332f77c5e891a11459e0c",
    "https://deno.land/std@0.210.0/collections/intersect.ts": "0b4924e2aceaddd5e55591bd9d648cf75745151795ee8a76beddf4facec77548",
    "https://deno.land/std@0.210.0/collections/join_to_string.ts": "1a5a814f00ec493929a5b86d6d220ae7ef023d7970c4904fbd32648ff4d70cf9",
    "https://deno.land/std@0.210.0/collections/map_entries.ts": "282b0e5141fbe73a45903674597fb10ec2b211fab8cbac85874eebd97f522a62",
    "https://deno.land/std@0.210.0/collections/map_keys.ts": "3dd2cf3a940f1432628cb0252b919d268e8bb38fe8bcd78153a440909173ae98",
    "https://deno.land/std@0.210.0/collections/map_not_nullish.ts": "8793a340ca245664902a309ac02861b9eb01780f7b78aa5ad329da7d95e011ec",
    "https://deno.land/std@0.210.0/collections/map_values.ts": "00b53e95ca5861b1d34829f4ed7f60974540c54bc9f5a3d119415e03e8275063",
    "https://deno.land/std@0.210.0/collections/max_by.ts": "ddb8ea85722443c42b5b39d477863ba4fad50054e4e12507536b7014f0ff342b",
    "https://deno.land/std@0.210.0/collections/max_of.ts": "e36ac711e45cb3649bf6223e144541b3ad4f9d7fa9c373cc7e403ad5d6200d66",
    "https://deno.land/std@0.210.0/collections/max_with.ts": "252fe7788b6dfcf30cf8c4138cf9bae006a5d545408064ff520293ff0e2fe304",
    "https://deno.land/std@0.210.0/collections/min_by.ts": "c783b1c2aa2d4b4be26a6fff835b9ca986da2553c7ec808474d3298442e8892e",
    "https://deno.land/std@0.210.0/collections/min_of.ts": "cd322ddb383a8a32eef581f7178eb3960267195014b60e31f345bd333a9e88ba",
    "https://deno.land/std@0.210.0/collections/min_with.ts": "ecca4ba5da922fb4b1be515949c59f287e580166985f2b12ee711f768004b33f",
    "https://deno.land/std@0.210.0/collections/mod.ts": "dcac0d88a864d792e6dc2447a8a72660a264ff09cd7e479b74972ff534b7910a",
    "https://deno.land/std@0.210.0/collections/partition.ts": "a9e7f034b8c4165495b4494ea661533be2f63208b1576442e7993562170204c5",
    "https://deno.land/std@0.210.0/collections/partition_entries.ts": "7a30b99b64a31af8e9d6da24239f7778b1cff9cd2f240f41aa2f535d647d54f9",
    "https://deno.land/std@0.210.0/collections/permutations.ts": "3e3a9d7a8cc806a9ce9ae8fb0c7f3d37d884b3c7429fcaca4bc5d177d92d8217",
    "https://deno.land/std@0.210.0/collections/reduce_groups.ts": "0cbb29ec3281f457dd1bd653c4420cef0a92544b51f31f5ae047436ff01712a2",
    "https://deno.land/std@0.210.0/collections/running_reduce.ts": "e25f165456b946e7689a27e0e7fbb2f53d8189ef7cd0937b903e737bd37bacc6",
    "https://deno.land/std@0.210.0/collections/sample.ts": "d282c0c59e7aeb8a575346f1ac39c248c7e3a5c155e54c5cb84314219c9ea071",
    "https://deno.land/std@0.210.0/collections/sliding_windows.ts": "d1c8d18d86b8f02b407379e8681881880b7e3e173d152c5d8dc89d458031b740",
    "https://deno.land/std@0.210.0/collections/sort_by.ts": "33075b6222942f8000437c6f63e7b12ac294de3faf75c8c71a7eaf3affde03b6",
    "https://deno.land/std@0.210.0/collections/sum_of.ts": "76db7f04a66bdfa4911c4a592b868c854c690d6f0f83140c315f70caf742c761",
    "https://deno.land/std@0.210.0/collections/take_last_while.ts": "9adcfe94a3dd56fbd55951099a121267aa42d8ccbc8152ed3aa210f86c74ca57",
    "https://deno.land/std@0.210.0/collections/take_while.ts": "cd9a494d56e6a0a9c3f1e1123d1370633f0d4c6525ccf8aa3bd00b006742bddf",
    "https://deno.land/std@0.210.0/collections/union.ts": "890f79136f770488193ee89c50ff5efee51577f3b66fa8ae013defab6cfff211",
    "https://deno.land/std@0.210.0/collections/unzip.ts": "3d3469c616b04200ff6a883e0d6dc82cac4c205aa65742e375afb8816be75b35",
    "https://deno.land/std@0.210.0/collections/without_all.ts": "1e3cccb1ed0659455b473c0766d9414b7710d8cef48862c899f445178f66b779",
    "https://deno.land/std@0.210.0/collections/zip.ts": "fcdae5d8d287d183a8bced53e250452aa9fdc65b8c7e518d3741ac3a42e35eca",
    "https://deno.land/std@0.210.0/data_structures/_binary_search_node.ts": "8d99dd95901d73a0edbe105826ef7ce0e1111ce184d2d0410dbfda172c9ebf35",
    "https://deno.land/std@0.210.0/data_structures/_red_black_node.ts": "040cdc47e2aee8c92ef3c0bb5526f25e2b6cbfef6ae86f159fe077e70722f0ca",
    "https://deno.land/std@0.210.0/data_structures/binary_heap.ts": "5187f3ef6b38798e2c2c66ec759cae85044549bfcfeba1935eed8014457b6538",
    "https://deno.land/std@0.210.0/data_structures/binary_search_tree.ts": "4e802f02125c45e17cd71ae1a2a9dedff8d3a31df0585a9d7ce1fbcf46960c20",
    "https://deno.land/std@0.210.0/data_structures/comparators.ts": "18f648e5d40f4dcfd0053cd4705534f3aa17005bee3acf4fc3224e7857e05f13",
    "https://deno.land/std@0.210.0/data_structures/mod.ts": "5f5ec1bd3d13fa6a00f7ffb9fd94f93f093c0ed00aff2aee74c4d054abedf68a",
    "https://deno.land/std@0.210.0/data_structures/red_black_tree.ts": "5cd84d7715159898a64fbbbf79026d2eac16f9eacd475656d22b7017148bfa33",
    "https://deno.land/x/deno_dom@v0.1.37/build/deno-wasm/deno-wasm.js": "98b1ad24a1c13284557917659402202e5c5258ab1431b3f3a82434ad36ffa05a",
    "https://deno.land/x/deno_dom@v0.1.37/deno-dom-wasm.ts": "bfd999a493a6974e9fca4d331bee03bfb68cfc600c662cd0b48b21d67a2a8ba0",
    "https://deno.land/x/deno_dom@v0.1.37/src/api.ts": "0ff5790f0a3eeecb4e00b7d8fbfa319b165962cf6d0182a65ba90f158d74f7d7",
    "https://deno.land/x/deno_dom@v0.1.37/src/constructor-lock.ts": "59714df7e0571ec7bd338903b1f396202771a6d4d7f55a452936bd0de9deb186",
    "https://deno.land/x/deno_dom@v0.1.37/src/deserialize.ts": "f4d34514ca00473ca428b69ad437ba345925744b5d791cb9552e2d7a0e7b0439",
    "https://deno.land/x/deno_dom@v0.1.37/src/dom/document-fragment.ts": "a40c6e18dd0efcf749a31552c1c9a6f7fa614452245e86ee38fc92ba0235e5ae",
    "https://deno.land/x/deno_dom@v0.1.37/src/dom/document.ts": "b8f4e4ccabaaa063d6562a0f2f8dea9c0419515d63d8bd79bfde95f7cd64bd93",
    "https://deno.land/x/deno_dom@v0.1.37/src/dom/dom-parser.ts": "609097b426f8c2358f3e5d2bca55ed026cf26cdf86562e94130dfdb0f2537f92",
    "https://deno.land/x/deno_dom@v0.1.37/src/dom/element.ts": "77c454e228dfeb5c570da5aa61d91850400116bfa0f5a85505acdd3c667171a4",
    "https://deno.land/x/deno_dom@v0.1.37/src/dom/elements/html-template-element.ts": "dab94e64ecf7c65f72d186be3f07d1f739fc6a2c0e442139a435af8aed47b646",
    "https://deno.land/x/deno_dom@v0.1.37/src/dom/html-collection.ts": "ae90197f5270c32074926ad6cf30ee07d274d44596c7e413c354880cebce8565",
    "https://deno.land/x/deno_dom@v0.1.37/src/dom/node-list.ts": "4c6e4b4585301d4147addaccd90cb5f5a80e8d6290a1ba7058c5e3dfea16e15d",
    "https://deno.land/x/deno_dom@v0.1.37/src/dom/node.ts": "3069e6fc93ac4111a136ed68199d76673339842b9751610ba06f111ba7dc10a7",
    "https://deno.land/x/deno_dom@v0.1.37/src/dom/selectors/custom-api.ts": "852696bd58e534bc41bd3be9e2250b60b67cd95fd28ed16b1deff1d548531a71",
    "https://deno.land/x/deno_dom@v0.1.37/src/dom/selectors/nwsapi-types.ts": "c43b36c36acc5d32caabaa54fda8c9d239b2b0fcbce9a28efb93c84aa1021698",
    "https://deno.land/x/deno_dom@v0.1.37/src/dom/selectors/nwsapi.js": "985d7d8fc1eabbb88946b47a1c44c1b2d4aa79ff23c21424219f1528fa27a2ff",
    "https://deno.land/x/deno_dom@v0.1.37/src/dom/selectors/selectors.ts": "83eab57be2290fb48e3130533448c93c6c61239f2a2f3b85f1917f80ca0fdc75",
    "https://deno.land/x/deno_dom@v0.1.37/src/dom/selectors/sizzle-types.ts": "78149e2502409989ce861ed636b813b059e16bc267bb543e7c2b26ef43e4798b",
    "https://deno.land/x/deno_dom@v0.1.37/src/dom/selectors/sizzle.js": "c3aed60c1045a106d8e546ac2f85cc82e65f62d9af2f8f515210b9212286682a",
    "https://deno.land/x/deno_dom@v0.1.37/src/dom/utils-types.ts": "96db30e3e4a75b194201bb9fa30988215da7f91b380fca6a5143e51ece2a8436",
    "https://deno.land/x/deno_dom@v0.1.37/src/dom/utils.ts": "2e816a54f243d2f7e2e3616d1551b43a46c34f67995a321490aa94e424bb7a20",
    "https://deno.land/x/deno_dom@v0.1.37/src/parser.ts": "b65eb7e673fa7ca611de871de109655f0aa9fa35ddc1de73df1a5fc2baafc332",
    "https://deno.land/x/zod@v3.21.4/ZodError.ts": "4de18ff525e75a0315f2c12066b77b5c2ae18c7c15ef7df7e165d63536fdf2ea",
    "https://deno.land/x/zod@v3.21.4/errors.ts": "5285922d2be9700cc0c70c95e4858952b07ae193aa0224be3cbd5cd5567eabef",
    "https://deno.land/x/zod@v3.21.4/external.ts": "a6cfbd61e9e097d5f42f8a7ed6f92f93f51ff927d29c9fbaec04f03cbce130fe",
    "https://deno.land/x/zod@v3.21.4/helpers/enumUtil.ts": "54efc393cc9860e687d8b81ff52e980def00fa67377ad0bf8b3104f8a5bf698c",
    "https://deno.land/x/zod@v3.21.4/helpers/errorUtil.ts": "7a77328240be7b847af6de9189963bd9f79cab32bbc61502a9db4fe6683e2ea7",
    "https://deno.land/x/zod@v3.21.4/helpers/parseUtil.ts": "51a76c126ee212be86013d53a9d07f87e9ae04bb1496f2558e61b62cb74a6aa8",
    "https://deno.land/x/zod@v3.21.4/helpers/partialUtil.ts": "998c2fe79795257d4d1cf10361e74492f3b7d852f61057c7c08ac0a46488b7e7",
    "https://deno.land/x/zod@v3.21.4/helpers/typeAliases.ts": "0fda31a063c6736fc3cf9090dd94865c811dfff4f3cb8707b932bf937c6f2c3e",
    "https://deno.land/x/zod@v3.21.4/helpers/util.ts": "8baf19b19b2fca8424380367b90364b32503b6b71780269a6e3e67700bb02774",
    "https://deno.land/x/zod@v3.21.4/index.ts": "d27aabd973613985574bc31f39e45cb5d856aa122ef094a9f38a463b8ef1a268",
    "https://deno.land/x/zod@v3.21.4/locales/en.ts": "a7a25cd23563ccb5e0eed214d9b31846305ddbcdb9c5c8f508b108943366ab4c",
    "https://deno.land/x/zod@v3.21.4/mod.ts": "64e55237cb4410e17d968cd08975566059f27638ebb0b86048031b987ba251c4",
    "https://deno.land/x/zod@v3.21.4/types.ts": "b5d061babea250de14fc63764df5b3afa24f2b088a1d797fc060ba49a0ddff28"
  }
}
